
Microsoft Visual Studio Solution File, Format Version 12.00
# Visual Studio Version 17
VisualStudioVersion = 17.9.34728.123
MinimumVisualStudioVersion = 10.0.40219.1
Project("{FAE04EC0-301F-11D3-BF4B-00C04F79EFBC}") = "proyecto1_ds6.Android", "proyecto1_ds6\proyecto1_ds6.Android\proyecto1_ds6.Android.csproj", "{4F6ACA1A-EC1F-473F-9AB1-608496D70BAE}"
EndProject
Project("{FAE04EC0-301F-11D3-BF4B-00C04F79EFBC}") = "proyecto1_ds6.iOS", "proyecto1_ds6\proyecto1_ds6.iOS\proyecto1_ds6.iOS.csproj", "{91444D89-3E3D-4FAA-9C69-121A3984EE44}"
EndProject
Project("{FAE04EC0-301F-11D3-BF4B-00C04F79EFBC}") = "proyecto1_ds6", "proyecto1_ds6\proyecto1_ds6\proyecto1_ds6.csproj", "{0346BD34-366B-43F1-BF02-8DB4488D48B1}"
EndProject
Global
	GlobalSection(SolutionConfigurationPlatforms) = preSolution
		Debug|Any CPU = Debug|Any CPU
		Debug|iPhone = Debug|iPhone
		Debug|iPhoneSimulator = Debug|iPhoneSimulator
		Release|Any CPU = Release|Any CPU
		Release|iPhone = Release|iPhone
		Release|iPhoneSimulator = Release|iPhoneSimulator
	EndGlobalSection
	GlobalSection(ProjectConfigurationPlatforms) = postSolution
		{4F6ACA1A-EC1F-473F-9AB1-608496D70BAE}.Debug|Any CPU.ActiveCfg = Debug|Any CPU
		{4F6ACA1A-EC1F-473F-9AB1-608496D70BAE}.Debug|Any CPU.Build.0 = Debug|Any CPU
		{4F6ACA1A-EC1F-473F-9AB1-608496D70BAE}.Debug|Any CPU.Deploy.0 = Debug|Any CPU
		{4F6ACA1A-EC1F-473F-9AB1-608496D70BAE}.Debug|iPhone.ActiveCfg = Debug|Any CPU
		{4F6ACA1A-EC1F-473F-9AB1-608496D70BAE}.Debug|iPhone.Build.0 = Debug|Any CPU
		{4F6ACA1A-EC1F-473F-9AB1-608496D70BAE}.Debug|iPhone.Deploy.0 = Debug|Any CPU
		{4F6ACA1A-EC1F-473F-9AB1-608496D70BAE}.Debug|iPhoneSimulator.ActiveCfg = Debug|Any CPU
		{4F6ACA1A-EC1F-473F-9AB1-608496D70BAE}.Debug|iPhoneSimulator.Build.0 = Debug|Any CPU
		{4F6ACA1A-EC1F-473F-9AB1-608496D70BAE}.Debug|iPhoneSimulator.Deploy.0 = Debug|Any CPU
		{4F6ACA1A-EC1F-473F-9AB1-608496D70BAE}.Release|Any CPU.ActiveCfg = Release|Any CPU
		{4F6ACA1A-EC1F-473F-9AB1-608496D70BAE}.Release|Any CPU.Build.0 = Release|Any CPU
		{4F6ACA1A-EC1F-473F-9AB1-608496D70BAE}.Release|Any CPU.Deploy.0 = Release|Any CPU
		{4F6ACA1A-EC1F-473F-9AB1-608496D70BAE}.Release|iPhone.ActiveCfg = Release|Any CPU
		{4F6ACA1A-EC1F-473F-9AB1-608496D70BAE}.Release|iPhone.Build.0 = Release|Any CPU
		{4F6ACA1A-EC1F-473F-9AB1-608496D70BAE}.Release|iPhone.Deploy.0 = Release|Any CPU
		{4F6ACA1A-EC1F-473F-9AB1-608496D70BAE}.Release|iPhoneSimulator.ActiveCfg = Release|Any CPU
		{4F6ACA1A-EC1F-473F-9AB1-608496D70BAE}.Release|iPhoneSimulator.Build.0 = Release|Any CPU
		{4F6ACA1A-EC1F-473F-9AB1-608496D70BAE}.Release|iPhoneSimulator.Deploy.0 = Release|Any CPU
		{91444D89-3E3D-4FAA-9C69-121A3984EE44}.Debug|Any CPU.ActiveCfg = Debug|iPhone
		{91444D89-3E3D-4FAA-9C69-121A3984EE44}.Debug|Any CPU.Build.0 = Debug|iPhone
		{91444D89-3E3D-4FAA-9C69-121A3984EE44}.Debug|Any CPU.Deploy.0 = Debug|iPhone
		{91444D89-3E3D-4FAA-9C69-121A3984EE44}.Debug|iPhone.ActiveCfg = Debug|iPhone
		{91444D89-3E3D-4FAA-9C69-121A3984EE44}.Debug|iPhone.Build.0 = Debug|iPhone
		{91444D89-3E3D-4FAA-9C69-121A3984EE44}.Debug|iPhone.Deploy.0 = Debug|iPhone
		{91444D89-3E3D-4FAA-9C69-121A3984EE44}.Debug|iPhoneSimulator.ActiveCfg = Debug|iPhoneSimulator
		{91444D89-3E3D-4FAA-9C69-121A3984EE44}.Debug|iPhoneSimulator.Build.0 = Debug|iPhoneSimulator
		{91444D89-3E3D-4FAA-9C69-121A3984EE44}.Debug|iPhoneSimulator.Deploy.0 = Debug|iPhoneSimulator
		{91444D89-3E3D-4FAA-9C69-121A3984EE44}.Release|Any CPU.ActiveCfg = Release|iPhoneSimulator
		{91444D89-3E3D-4FAA-9C69-121A3984EE44}.Release|Any CPU.Build.0 = Release|iPhoneSimulator
		{91444D89-3E3D-4FAA-9C69-121A3984EE44}.Release|Any CPU.Deploy.0 = Release|iPhoneSimulator
		{91444D89-3E3D-4FAA-9C69-121A3984EE44}.Release|iPhone.ActiveCfg = Release|iPhone
		{91444D89-3E3D-4FAA-9C69-121A3984EE44}.Release|iPhone.Build.0 = Release|iPhone
		{91444D89-3E3D-4FAA-9C69-121A3984EE44}.Release|iPhone.Deploy.0 = Release|iPhone
		{91444D89-3E3D-4FAA-9C69-121A3984EE44}.Release|iPhoneSimulator.ActiveCfg = Release|iPhoneSimulator
		{91444D89-3E3D-4FAA-9C69-121A3984EE44}.Release|iPhoneSimulator.Build.0 = Release|iPhoneSimulator
		{91444D89-3E3D-4FAA-9C69-121A3984EE44}.Release|iPhoneSimulator.Deploy.0 = Release|iPhoneSimulator
		{0346BD34-366B-43F1-BF02-8DB4488D48B1}.Debug|Any CPU.ActiveCfg = Debug|Any CPU
		{0346BD34-366B-43F1-BF02-8DB4488D48B1}.Debug|Any CPU.Build.0 = Debug|Any CPU
		{0346BD34-366B-43F1-BF02-8DB4488D48B1}.Debug|Any CPU.Deploy.0 = Debug|Any CPU
		{0346BD34-366B-43F1-BF02-8DB4488D48B1}.Debug|iPhone.ActiveCfg = Debug|Any CPU
		{0346BD34-366B-43F1-BF02-8DB4488D48B1}.Debug|iPhone.Build.0 = Debug|Any CPU
		{0346BD34-366B-43F1-BF02-8DB4488D48B1}.Debug|iPhone.Deploy.0 = Debug|Any CPU
		{0346BD34-366B-43F1-BF02-8DB4488D48B1}.Debug|iPhoneSimulator.ActiveCfg = Debug|Any CPU
		{0346BD34-366B-43F1-BF02-8DB4488D48B1}.Debug|iPhoneSimulator.Build.0 = Debug|Any CPU
		{0346BD34-366B-43F1-BF02-8DB4488D48B1}.Debug|iPhoneSimulator.Deploy.0 = Debug|Any CPU
		{0346BD34-366B-43F1-BF02-8DB4488D48B1}.Release|Any CPU.ActiveCfg = Release|Any CPU
		{0346BD34-366B-43F1-BF02-8DB4488D48B1}.Release|Any CPU.Build.0 = Release|Any CPU
		{0346BD34-366B-43F1-BF02-8DB4488D48B1}.Release|Any CPU.Deploy.0 = Release|Any CPU
		{0346BD34-366B-43F1-BF02-8DB4488D48B1}.Release|iPhone.ActiveCfg = Release|Any CPU
		{0346BD34-366B-43F1-BF02-8DB4488D48B1}.Release|iPhone.Build.0 = Release|Any CPU
		{0346BD34-366B-43F1-BF02-8DB4488D48B1}.Release|iPhone.Deploy.0 = Release|Any CPU
		{0346BD34-366B-43F1-BF02-8DB4488D48B1}.Release|iPhoneSimulator.ActiveCfg = Release|Any CPU
		{0346BD34-366B-43F1-BF02-8DB4488D48B1}.Release|iPhoneSimulator.Build.0 = Release|Any CPU
		{0346BD34-366B-43F1-BF02-8DB4488D48B1}.Release|iPhoneSimulator.Deploy.0 = Release|Any CPU
	EndGlobalSection
	GlobalSection(SolutionProperties) = preSolution
		HideSolutionNode = FALSE
	EndGlobalSection
	GlobalSection(ExtensibilityGlobals) = postSolution
		SolutionGuid = {1390AC4C-C3DA-470A-BE23-4FD1853CE836}
	EndGlobalSection
EndGlobal
